// !$*UTF8*$!
{
	archiveVersion = 1;
	classes = {
	};
	objectVersion = 50;
	objects = {

/* Begin PBXBuildFile section */
		DDBE6C8C2091BCE700C14200 /* AppDelegate.swift in Sources */ = {isa = PBXBuildFile; fileRef = DDBE6C8B2091BCE700C14200 /* AppDelegate.swift */; };
		DDBE6C932091BCE900C14200 /* Assets.xcassets in Resources */ = {isa = PBXBuildFile; fileRef = DDBE6C922091BCE900C14200 /* Assets.xcassets */; };
		DDBE6C962091BCE900C14200 /* LaunchScreen.storyboard in Resources */ = {isa = PBXBuildFile; fileRef = DDBE6C942091BCE900C14200 /* LaunchScreen.storyboard */; };
		DDBE6CA02091BD3300C14200 /* Training.swift in Sources */ = {isa = PBXBuildFile; fileRef = DDBE6C9F2091BD3300C14200 /* Training.swift */; };
		DDBE6CA22091BD3800C14200 /* CustomCell.swift in Sources */ = {isa = PBXBuildFile; fileRef = DDBE6CA12091BD3800C14200 /* CustomCell.swift */; };
		DDBE6CA42091BD3D00C14200 /* UIColor+theme.swift in Sources */ = {isa = PBXBuildFile; fileRef = DDBE6CA32091BD3D00C14200 /* UIColor+theme.swift */; };
		DDBE6CA62091BE3000C14200 /* CreateTrainingController.swift in Sources */ = {isa = PBXBuildFile; fileRef = DDBE6CA52091BE3000C14200 /* CreateTrainingController.swift */; };
		DDBE6CA82091BE6E00C14200 /* TrainingsController.swift in Sources */ = {isa = PBXBuildFile; fileRef = DDBE6CA72091BE6E00C14200 /* TrainingsController.swift */; };
		DDBE6CAB2091CD4B00C14200 /* MyAppV2Model.xcdatamodeld in Sources */ = {isa = PBXBuildFile; fileRef = DDBE6CA92091CD4B00C14200 /* MyAppV2Model.xcdatamodeld */; };
		DDBE6CAE2091CF1D00C14200 /* CoreDataManager.swift in Sources */ = {isa = PBXBuildFile; fileRef = DDBE6CAD2091CF1D00C14200 /* CoreDataManager.swift */; };
/* End PBXBuildFile section */

/* Begin PBXFileReference section */
		DDBE6C882091BCE700C14200 /* MyAppV2.app */ = {isa = PBXFileReference; explicitFileType = wrapper.application; includeInIndex = 0; path = MyAppV2.app; sourceTree = BUILT_PRODUCTS_DIR; };
		DDBE6C8B2091BCE700C14200 /* AppDelegate.swift */ = {isa = PBXFileReference; lastKnownFileType = sourcecode.swift; path = AppDelegate.swift; sourceTree = "<group>"; };
		DDBE6C922091BCE900C14200 /* Assets.xcassets */ = {isa = PBXFileReference; lastKnownFileType = folder.assetcatalog; path = Assets.xcassets; sourceTree = "<group>"; };
		DDBE6C952091BCE900C14200 /* Base */ = {isa = PBXFileReference; lastKnownFileType = file.storyboard; name = Base; path = Base.lproj/LaunchScreen.storyboard; sourceTree = "<group>"; };
		DDBE6C972091BCE900C14200 /* Info.plist */ = {isa = PBXFileReference; lastKnownFileType = text.plist.xml; path = Info.plist; sourceTree = "<group>"; };
		DDBE6C9F2091BD3300C14200 /* Training.swift */ = {isa = PBXFileReference; fileEncoding = 4; lastKnownFileType = sourcecode.swift; path = Training.swift; sourceTree = "<group>"; };
		DDBE6CA12091BD3800C14200 /* CustomCell.swift */ = {isa = PBXFileReference; fileEncoding = 4; lastKnownFileType = sourcecode.swift; path = CustomCell.swift; sourceTree = "<group>"; };
		DDBE6CA32091BD3D00C14200 /* UIColor+theme.swift */ = {isa = PBXFileReference; fileEncoding = 4; lastKnownFileType = sourcecode.swift; path = "UIColor+theme.swift"; sourceTree = "<group>"; };
		DDBE6CA52091BE3000C14200 /* CreateTrainingController.swift */ = {isa = PBXFileReference; lastKnownFileType = sourcecode.swift; path = CreateTrainingController.swift; sourceTree = "<group>"; };
		DDBE6CA72091BE6E00C14200 /* TrainingsController.swift */ = {isa = PBXFileReference; lastKnownFileType = sourcecode.swift; path = TrainingsController.swift; sourceTree = "<group>"; };
		DDBE6CAA2091CD4B00C14200 /* MyAppV2.xcdatamodel */ = {isa = PBXFileReference; lastKnownFileType = wrapper.xcdatamodel; path = MyAppV2.xcdatamodel; sourceTree = "<group>"; };
		DDBE6CAD2091CF1D00C14200 /* CoreDataManager.swift */ = {isa = PBXFileReference; lastKnownFileType = sourcecode.swift; path = CoreDataManager.swift; sourceTree = "<group>"; };
/* End PBXFileReference section */

/* Begin PBXFrameworksBuildPhase section */
		DDBE6C852091BCE700C14200 /* Frameworks */ = {
			isa = PBXFrameworksBuildPhase;
			buildActionMask = 2147483647;
			files = (
			);
			runOnlyForDeploymentPostprocessing = 0;
		};
/* End PBXFrameworksBuildPhase section */

/* Begin PBXGroup section */
		DDBE6C7F2091BCE700C14200 = {
			isa = PBXGroup;
			children = (
				DDBE6C8A2091BCE700C14200 /* MyAppV2 */,
				DDBE6C892091BCE700C14200 /* Products */,
			);
			sourceTree = "<group>";
		};
		DDBE6C892091BCE700C14200 /* Products */ = {
			isa = PBXGroup;
			children = (
				DDBE6C882091BCE700C14200 /* MyAppV2.app */,
			);
			name = Products;
			sourceTree = "<group>";
		};
		DDBE6C8A2091BCE700C14200 /* MyAppV2 */ = {
			isa = PBXGroup;
			children = (
				DDBE6C8B2091BCE700C14200 /* AppDelegate.swift */,
				DDBE6CA72091BE6E00C14200 /* TrainingsController.swift */,
				DDBE6CA12091BD3800C14200 /* CustomCell.swift */,
				DDBE6CA52091BE3000C14200 /* CreateTrainingController.swift */,
				DDBE6C9F2091BD3300C14200 /* Training.swift */,
				DDBE6C922091BCE900C14200 /* Assets.xcassets */,
				DDBE6C942091BCE900C14200 /* LaunchScreen.storyboard */,
				DDBE6CA32091BD3D00C14200 /* UIColor+theme.swift */,
				DDBE6C972091BCE900C14200 /* Info.plist */,
				DDBE6CAC2091CF0700C14200 /* CoreData */,
			);
			path = MyAppV2;
			sourceTree = "<group>";
		};
		DDBE6CAC2091CF0700C14200 /* CoreData */ = {
			isa = PBXGroup;
			children = (
				DDBE6CA92091CD4B00C14200 /* MyAppV2Model.xcdatamodeld */,
				DDBE6CAD2091CF1D00C14200 /* CoreDataManager.swift */,
			);
			path = CoreData;
			sourceTree = "<group>";
		};
/* End PBXGroup section */

/* Begin PBXNativeTarget section */
		DDBE6C872091BCE700C14200 /* MyAppV2 */ = {
			isa = PBXNativeTarget;
			buildConfigurationList = DDBE6C9A2091BCE900C14200 /* Build configuration list for PBXNativeTarget "MyAppV2" */;
			buildPhases = (
				DDBE6C842091BCE700C14200 /* Sources */,
				DDBE6C852091BCE700C14200 /* Frameworks */,
				DDBE6C862091BCE700C14200 /* Resources */,
			);
			buildRules = (
			);
			dependencies = (
			);
			name = MyAppV2;
			productName = MyAppV2;
			productReference = DDBE6C882091BCE700C14200 /* MyAppV2.app */;
			productType = "com.apple.product-type.application";
		};
/* End PBXNativeTarget section */

/* Begin PBXProject section */
		DDBE6C802091BCE700C14200 /* Project object */ = {
			isa = PBXProject;
			attributes = {
				LastSwiftUpdateCheck = 0930;
				LastUpgradeCheck = 0930;
				ORGANIZATIONNAME = "Joffrey Fortin";
				TargetAttributes = {
					DDBE6C872091BCE700C14200 = {
						CreatedOnToolsVersion = 9.3;
					};
				};
			};
			buildConfigurationList = DDBE6C832091BCE700C14200 /* Build configuration list for PBXProject "MyAppV2" */;
			compatibilityVersion = "Xcode 9.3";
			developmentRegion = en;
			hasScannedForEncodings = 0;
			knownRegions = (
				en,
				Base,
			);
			mainGroup = DDBE6C7F2091BCE700C14200;
			productRefGroup = DDBE6C892091BCE700C14200 /* Products */;
			projectDirPath = "";
			projectRoot = "";
			targets = (
				DDBE6C872091BCE700C14200 /* MyAppV2 */,
			);
		};
/* End PBXProject section */

/* Begin PBXResourcesBuildPhase section */
		DDBE6C862091BCE700C14200 /* Resources */ = {
			isa = PBXResourcesBuildPhase;
			buildActionMask = 2147483647;
			files = (
				DDBE6C962091BCE900C14200 /* LaunchScreen.storyboard in Resources */,
				DDBE6C932091BCE900C14200 /* Assets.xcassets in Resources */,
			);
			runOnlyForDeploymentPostprocessing = 0;
		};
/* End PBXResourcesBuildPhase section */

/* Begin PBXSourcesBuildPhase section */
		DDBE6C842091BCE700C14200 /* Sources */ = {
			isa = PBXSourcesBuildPhase;
			buildActionMask = 2147483647;
			files = (
				DDBE6CA02091BD3300C14200 /* Training.swift in Sources */,
				DDBE6CA22091BD3800C14200 /* CustomCell.swift in Sources */,
				DDBE6CA62091BE3000C14200 /* CreateTrainingController.swift in Sources */,
				DDBE6CA82091BE6E00C14200 /* TrainingsController.swift in Sources */,
				DDBE6CAB2091CD4B00C14200 /* MyAppV2Model.xcdatamodeld in Sources */,
				DDBE6CA42091BD3D00C14200 /* UIColor+theme.swift in Sources */,
				DDBE6CAE2091CF1D00C14200 /* CoreDataManager.swift in Sources */,
				DDBE6C8C2091BCE700C14200 /* AppDelegate.swift in Sources */,
			);
			runOnlyForDeploymentPostprocessing = 0;
		};
/* End PBXSourcesBuildPhase section */

/* Begin PBXVariantGroup section */
		DDBE6C942091BCE900C14200 /* LaunchScreen.storyboard */ = {
			isa = PBXVariantGroup;
			children = (
				DDBE6C952091BCE900C14200 /* Base */,
			);
			name = LaunchScreen.storyboard;
			sourceTree = "<group>";
		};
/* End PBXVariantGroup section */

/* Begin XCBuildConfiguration section */
		DDBE6C982091BCE900C14200 /* Debug */ = {
			isa = XCBuildConfiguration;
			buildSettings = {
				ALWAYS_SEARCH_USER_PATHS = NO;
				CLANG_ANALYZER_NONNULL = YES;
				CLANG_ANALYZER_NUMBER_OBJECT_CONVERSION = YES_AGGRESSIVE;
				CLANG_CXX_LANGUAGE_STANDARD = "gnu++14";
				CLANG_CXX_LIBRARY = "libc++";
				CLANG_ENABLE_MODULES = YES;
				CLANG_ENABLE_OBJC_ARC = YES;
				CLANG_ENABLE_OBJC_WEAK = YES;
				CLANG_WARN_BLOCK_CAPTURE_AUTORELEASING = YES;
				CLANG_WARN_BOOL_CONVERSION = YES;
				CLANG_WARN_COMMA = YES;
				CLANG_WARN_CONSTANT_CONVERSION = YES;
				CLANG_WARN_DEPRECATED_OBJC_IMPLEMENTATIONS = YES;
				CLANG_WARN_DIRECT_OBJC_ISA_USAGE = YES_ERROR;
				CLANG_WARN_DOCUMENTATION_COMMENTS = YES;
				CLANG_WARN_EMPTY_BODY = YES;
				CLANG_WARN_ENUM_CONVERSION = YES;
				CLANG_WARN_INFINITE_RECURSION = YES;
				CLANG_WARN_INT_CONVERSION = YES;
				CLANG_WARN_NON_LITERAL_NULL_CONVERSION = YES;
				CLANG_WARN_OBJC_IMPLICIT_RETAIN_SELF = YES;
				CLANG_WARN_OBJC_LITERAL_CONVERSION = YES;
				CLANG_WARN_OBJC_ROOT_CLASS = YES_ERROR;
				CLANG_WARN_RANGE_LOOP_ANALYSIS = YES;
				CLANG_WARN_STRICT_PROTOTYPES = YES;
				CLANG_WARN_SUSPICIOUS_MOVE = YES;
				CLANG_WARN_UNGUARDED_AVAILABILITY = YES_AGGRESSIVE;
				CLANG_WARN_UNREACHABLE_CODE = YES;
				CLANG_WARN__DUPLICATE_METHOD_MATCH = YES;
				CODE_SIGN_IDENTITY = "iPhone Developer";
				COPY_PHASE_STRIP = NO;
				DEBUG_INFORMATION_FORMAT = dwarf;
				ENABLE_STRICT_OBJC_MSGSEND = YES;
				ENABLE_TESTABILITY = YES;
				GCC_C_LANGUAGE_STANDARD = gnu11;
				GCC_DYNAMIC_NO_PIC = NO;
				GCC_NO_COMMON_BLOCKS = YES;
				GCC_OPTIMIZATION_LEVEL = 0;
				GCC_PREPROCESSOR_DEFINITIONS = (
					"DEBUG=1",
					"$(inherited)",
				);
				GCC_WARN_64_TO_32_BIT_CONVERSION = YES;
				GCC_WARN_ABOUT_RETURN_TYPE = YES_ERROR;
				GCC_WARN_UNDECLARED_SELECTOR = YES;
				GCC_WARN_UNINITIALIZED_AUTOS = YES_AGGRESSIVE;
				GCC_WARN_UNUSED_FUNCTION = YES;
				GCC_WARN_UNUSED_VARIABLE = YES;
				IPHONEOS_DEPLOYMENT_TARGET = 11.3;
				MTL_ENABLE_DEBUG_INFO = YES;
				ONLY_ACTIVE_ARCH = YES;
				SDKROOT = iphoneos;
				SWIFT_ACTIVE_COMPILATION_CONDITIONS = DEBUG;
				SWIFT_OPTIMIZATION_LEVEL = "-Onone";
			};
			name = Debug;
		};
		DDBE6C992091BCE900C14200 /* Release */ = {
			isa = XCBuildConfiguration;
			buildSettings = {
				ALWAYS_SEARCH_USER_PATHS = NO;
				CLANG_ANALYZER_NONNULL = YES;
				CLANG_ANALYZER_NUMBER_OBJECT_CONVERSION = YES_AGGRESSIVE;
				CLANG_CXX_LANGUAGE_STANDARD = "gnu++14";
				CLANG_CXX_LIBRARY = "libc++";
				CLANG_ENABLE_MODULES = YES;
				CLANG_ENABLE_OBJC_ARC = YES;
				CLANG_ENABLE_OBJC_WEAK = YES;
				CLANG_WARN_BLOCK_CAPTURE_AUTORELEASING = YES;
				CLANG_WARN_BOOL_CONVERSION = YES;
				CLANG_WARN_COMMA = YES;
				CLANG_WARN_CONSTANT_CONVERSION = YES;
				CLANG_WARN_DEPRECATED_OBJC_IMPLEMENTATIONS = YES;
				CLANG_WARN_DIRECT_OBJC_ISA_USAGE = YES_ERROR;
				CLANG_WARN_DOCUMENTATION_COMMENTS = YES;
				CLANG_WARN_EMPTY_BODY = YES;
				CLANG_WARN_ENUM_CONVERSION = YES;
				CLANG_WARN_INFINITE_RECURSION = YES;
				CLANG_WARN_INT_CONVERSION = YES;
				CLANG_WARN_NON_LITERAL_NULL_CONVERSION = YES;
				CLANG_WARN_OBJC_IMPLICIT_RETAIN_SELF = YES;
				CLANG_WARN_OBJC_LITERAL_CONVERSION = YES;
				CLANG_WARN_OBJC_ROOT_CLASS = YES_ERROR;
				CLANG_WARN_RANGE_LOOP_ANALYSIS = YES;
				CLANG_WARN_STRICT_PROTOTYPES = YES;
				CLANG_WARN_SUSPICIOUS_MOVE = YES;
				CLANG_WARN_UNGUARDED_AVAILABILITY = YES_AGGRESSIVE;
				CLANG_WARN_UNREACHABLE_CODE = YES;
				CLANG_WARN__DUPLICATE_METHOD_MATCH = YES;
				CODE_SIGN_IDENTITY = "iPhone Developer";
				COPY_PHASE_STRIP = NO;
				DEBUG_INFORMATION_FORMAT = "dwarf-with-dsym";
				ENABLE_NS_ASSERTIONS = NO;
				ENABLE_STRICT_OBJC_MSGSEND = YES;
				GCC_C_LANGUAGE_STANDARD = gnu11;
				GCC_NO_COMMON_BLOCKS = YES;
				GCC_WARN_64_TO_32_BIT_CONVERSION = YES;
				GCC_WARN_ABOUT_RETURN_TYPE = YES_ERROR;
				GCC_WARN_UNDECLARED_SELECTOR = YES;
				GCC_WARN_UNINITIALIZED_AUTOS = YES_AGGRESSIVE;
				GCC_WARN_UNUSED_FUNCTION = YES;
				GCC_WARN_UNUSED_VARIABLE = YES;
				IPHONEOS_DEPLOYMENT_TARGET = 11.3;
				MTL_ENABLE_DEBUG_INFO = NO;
				SDKROOT = iphoneos;
				SWIFT_COMPILATION_MODE = wholemodule;
				SWIFT_OPTIMIZATION_LEVEL = "-O";
				VALIDATE_PRODUCT = YES;
			};
			name = Release;
		};
		DDBE6C9B2091BCE900C14200 /* Debug */ = {
			isa = XCBuildConfiguration;
			buildSettings = {
				ASSETCATALOG_COMPILER_APPICON_NAME = AppIcon;
				CODE_SIGN_STYLE = Automatic;
				DEVELOPMENT_TEAM = QD5843FU5C;
				INFOPLIST_FILE = MyAppV2/Info.plist;
				LD_RUNPATH_SEARCH_PATHS = (
					"$(inherited)",
					"@executable_path/Frameworks",
				);
				PRODUCT_BUNDLE_IDENTIFIER = com.joffrey.MyAppV2;
				PRODUCT_NAME = "$(TARGET_NAME)";
				SWIFT_VERSION = 4.0;
				TARGETED_DEVICE_FAMILY = "1,2";
			};
			name = Debug;
		};
		DDBE6C9C2091BCE900C14200 /* Release */ = {
			isa = XCBuildConfiguration;
			buildSettings = {
				ASSETCATALOG_COMPILER_APPICON_NAME = AppIcon;
				CODE_SIGN_STYLE = Automatic;
				DEVELOPMENT_TEAM = QD5843FU5C;
				INFOPLIST_FILE = MyAppV2/Info.plist;
				LD_RUNPATH_SEARCH_PATHS = (
					"$(inherited)",
					"@executable_path/Frameworks",
				);
				PRODUCT_BUNDLE_IDENTIFIER = com.joffrey.MyAppV2;
				PRODUCT_NAME = "$(TARGET_NAME)";
				SWIFT_VERSION = 4.0;
				TARGETED_DEVICE_FAMILY = "1,2";
			};
			name = Release;
		};
/* End XCBuildConfiguration section */

/* Begin XCConfigurationList section */
		DDBE6C832091BCE700C14200 /* Build configuration list for PBXProject "MyAppV2" */ = {
			isa = XCConfigurationList;
			buildConfigurations = (
				DDBE6C982091BCE900C14200 /* Debug */,
				DDBE6C992091BCE900C14200 /* Release */,
			);
			defaultConfigurationIsVisible = 0;
			defaultConfigurationName = Release;
		};
		DDBE6C9A2091BCE900C14200 /* Build configuration list for PBXNativeTarget "MyAppV2" */ = {
			isa = XCConfigurationList;
			buildConfigurations = (
				DDBE6C9B2091BCE900C14200 /* Debug */,
				DDBE6C9C2091BCE900C14200 /* Release */,
			);
			defaultConfigurationIsVisible = 0;
			defaultConfigurationName = Release;
		};
/* End XCConfigurationList section */

/* Begin XCVersionGroup section */
		DDBE6CA92091CD4B00C14200 /* MyAppV2Model.xcdatamodeld */ = {
			isa = XCVersionGroup;
			children = (
				DDBE6CAA2091CD4B00C14200 /* MyAppV2.xcdatamodel */,
			);
			currentVersion = DDBE6CAA2091CD4B00C14200 /* MyAppV2.xcdatamodel */;
			path = MyAppV2Model.xcdatamodeld;
			sourceTree = "<group>";
			versionGroupType = wrapper.xcdatamodel;
		};
/* End XCVersionGroup section */
	};
	rootObject = DDBE6C802091BCE700C14200 /* Project object */;
}
